
Microsoft Visual Studio Solution File, Format Version 12.00
# Visual Studio Version 17
VisualStudioVersion = 17.14.36301.6
MinimumVisualStudioVersion = 10.0.40219.1
Project("{FAE04EC0-301F-11D3-BF4B-00C04F79EFBC}") = "StudentProjectAPI", "StudentProjectAPI.csproj", "{CDE2D256-91DA-4F31-AEF7-95D62FA0D03C}"
EndProject
Project("{FAE04EC0-301F-11D3-BF4B-00C04F79EFBC}") = "Client-Side-Code", "..\Client-Side-Code\Client-Side-Code.csproj", "{D678C1FF-469C-4ED4-B1BE-95D08C8A3A87}"
EndProject
Global
	GlobalSection(SolutionConfigurationPlatforms) = preSolution
		Debug|Any CPU = Debug|Any CPU
		Release|Any CPU = Release|Any CPU
	EndGlobalSection
	GlobalSection(ProjectConfigurationPlatforms) = postSolution
		{CDE2D256-91DA-4F31-AEF7-95D62FA0D03C}.Debug|Any CPU.ActiveCfg = Debug|Any CPU
		{CDE2D256-91DA-4F31-AEF7-95D62FA0D03C}.Debug|Any CPU.Build.0 = Debug|Any CPU
		{CDE2D256-91DA-4F31-AEF7-95D62FA0D03C}.Release|Any CPU.ActiveCfg = Release|Any CPU
		{CDE2D256-91DA-4F31-AEF7-95D62FA0D03C}.Release|Any CPU.Build.0 = Release|Any CPU
		{D678C1FF-469C-4ED4-B1BE-95D08C8A3A87}.Debug|Any CPU.ActiveCfg = Debug|Any CPU
		{D678C1FF-469C-4ED4-B1BE-95D08C8A3A87}.Debug|Any CPU.Build.0 = Debug|Any CPU
		{D678C1FF-469C-4ED4-B1BE-95D08C8A3A87}.Release|Any CPU.ActiveCfg = Release|Any CPU
		{D678C1FF-469C-4ED4-B1BE-95D08C8A3A87}.Release|Any CPU.Build.0 = Release|Any CPU
	EndGlobalSection
	GlobalSection(SolutionProperties) = preSolution
		HideSolutionNode = FALSE
	EndGlobalSection
	GlobalSection(ExtensibilityGlobals) = postSolution
		SolutionGuid = {B0113C43-A2C4-41D3-BB45-E6B5572ABE26}
	EndGlobalSection
EndGlobal
